<?xml version="1.0" encoding="UTF-8"?>
<Project ToolsVersion="14.0" xmlns="http://schemas.microsoft.com/developer/msbuild/2003">
  <ItemGroup>
    <ClCompile Include="C:\Users\adunca202\Desktop\GitHub\GP2CourseworkSJATGS\GameApplication\src\GameApplication.cpp">
      <Filter>Source Files</Filter>
    </ClCompile>
    <ClCompile Include="C:\Users\adunca202\Desktop\GitHub\GP2CourseworkSJATGS\GameApplication\src\Shader.cpp">
      <Filter>Source Files</Filter>
    </ClCompile>
    <ClCompile Include="C:\Users\adunca202\Desktop\GitHub\GP2CourseworkSJATGS\GameApplication\src\Texture.cpp">
      <Filter>Source Files</Filter>
    </ClCompile>
    <ClCompile Include="C:\Users\adunca202\Desktop\GitHub\GP2CourseworkSJATGS\GameApplication\src\GameObject.cpp">
      <Filter>Source Files</Filter>
    </ClCompile>
    <ClCompile Include="C:\Users\adunca202\Desktop\GitHub\GP2CourseworkSJATGS\GameApplication\src\ModelLoading.cpp">
      <Filter>Source Files</Filter>
    </ClCompile>
    <ClCompile Include="C:\Users\adunca202\Desktop\GitHub\GP2CourseworkSJATGS\GameApplication\src\Transform.cpp">
      <Filter>Source Files</Filter>
    </ClCompile>
    <ClCompile Include="C:\Users\adunca202\Desktop\GitHub\GP2CourseworkSJATGS\GameApplication\src\Renderer.cpp">
      <Filter>Source Files</Filter>
    </ClCompile>
    <ClCompile Include="C:\Users\adunca202\Desktop\GitHub\GP2CourseworkSJATGS\GameApplication\src\Mesh.cpp">
      <Filter>Source Files</Filter>
    </ClCompile>
    <ClCompile Include="C:\Users\adunca202\Desktop\GitHub\GP2CourseworkSJATGS\GameApplication\src\BoxCollider.cpp">
      <Filter>Source Files</Filter>
    </ClCompile>
  </ItemGroup>
  <ItemGroup>
    <ClInclude Include="C:\Users\adunca202\Desktop\GitHub\GP2CourseworkSJATGS\GameApplication\include\Common.h">
      <Filter>Header Files</Filter>
    </ClInclude>
    <ClInclude Include="C:\Users\adunca202\Desktop\GitHub\GP2CourseworkSJATGS\GameApplication\include\GameApplication.h">
      <Filter>Header Files</Filter>
    </ClInclude>
    <ClInclude Include="C:\Users\adunca202\Desktop\GitHub\GP2CourseworkSJATGS\GameApplication\include\Shader.h">
      <Filter>Header Files</Filter>
    </ClInclude>
    <ClInclude Include="C:\Users\adunca202\Desktop\GitHub\GP2CourseworkSJATGS\GameApplication\include\Texture.h">
      <Filter>Header Files</Filter>
    </ClInclude>
    <ClInclude Include="C:\Users\adunca202\Desktop\GitHub\GP2CourseworkSJATGS\GameApplication\include\Vertex.h">
      <Filter>Header Files</Filter>
    </ClInclude>
    <ClInclude Include="C:\Users\adunca202\Desktop\GitHub\GP2CourseworkSJATGS\GameApplication\include\GameObject.h">
      <Filter>Header Files</Filter>
    </ClInclude>
    <ClInclude Include="C:\Users\adunca202\Desktop\GitHub\GP2CourseworkSJATGS\GameApplication\include\ModelLoading.h">
      <Filter>Header Files</Filter>
    </ClInclude>
    <ClInclude Include="C:\Users\adunca202\Desktop\GitHub\GP2CourseworkSJATGS\GameApplication\include\Light.h">
      <Filter>Header Files</Filter>
    </ClInclude>
    <ClInclude Include="C:\Users\adunca202\Desktop\GitHub\GP2CourseworkSJATGS\GameApplication\include\Transform.h">
      <Filter>Header Files</Filter>
    </ClInclude>
    <ClInclude Include="C:\Users\adunca202\Desktop\GitHub\GP2CourseworkSJATGS\GameApplication\include\Renderer.h">
      <Filter>Header Files</Filter>
    </ClInclude>
    <ClInclude Include="C:\Users\adunca202\Desktop\GitHub\GP2CourseworkSJATGS\GameApplication\include\Mesh.h">
      <Filter>Header Files</Filter>
    </ClInclude>
    <ClInclude Include="C:\Users\adunca202\Desktop\GitHub\GP2CourseworkSJATGS\GameApplication\include\BoxCollider.h">
      <Filter>Header Files</Filter>
    </ClInclude>
  </ItemGroup>
  <ItemGroup>
    <CustomBuild Include="C:\Users\adunca202\Desktop\GitHub\GP2CourseworkSJATGS\GameApplication\CMakeLists.txt" />
  </ItemGroup>
  <ItemGroup>
    <Filter Include="Source Files">
      <UniqueIdentifier>{D940C288-672B-4098-B458-8798A8986FE5}</UniqueIdentifier>
    </Filter>
    <Filter Include="Header Files">
      <UniqueIdentifier>{AF7E66BA-F618-4531-A056-ABC7AD36B16D}</UniqueIdentifier>
    </Filter>
  </ItemGroup>
</Project>
