Microsoft Visual Studio Solution File, Format Version 12.00
# Visual Studio 14
Project("{8BC9CEB8-8B4A-11D0-8D11-00A0C91BC942}") = "ALL_BUILD", "ALL_BUILD.vcxproj", "{C8282A70-D5AF-4CC6-A1C5-17FC66480F73}"
	ProjectSection(ProjectDependencies) = postProject
		{B3DDCFCF-DDBD-42E9-8EC5-76B81C048A3E} = {B3DDCFCF-DDBD-42E9-8EC5-76B81C048A3E}
	EndProjectSection
EndProject
Project("{8BC9CEB8-8B4A-11D0-8D11-00A0C91BC942}") = "Utils", "Utils.vcxproj", "{B3DDCFCF-DDBD-42E9-8EC5-76B81C048A3E}"
	ProjectSection(ProjectDependencies) = postProject
		{52E1B750-6924-461E-9549-E9E0CF630CE8} = {52E1B750-6924-461E-9549-E9E0CF630CE8}
	EndProjectSection
EndProject
Project("{8BC9CEB8-8B4A-11D0-8D11-00A0C91BC942}") = "ZERO_CHECK", "..\..\\ZERO_CHECK.vcxproj", "{52E1B750-6924-461E-9549-E9E0CF630CE8}"
	ProjectSection(ProjectDependencies) = postProject
	EndProjectSection
EndProject
Global
	GlobalSection(SolutionConfigurationPlatforms) = preSolution
		Debug|x64 = Debug|x64
		Release|x64 = Release|x64
		MinSizeRel|x64 = MinSizeRel|x64
		RelWithDebInfo|x64 = RelWithDebInfo|x64
	EndGlobalSection
	GlobalSection(ProjectConfigurationPlatforms) = postSolution
		{C8282A70-D5AF-4CC6-A1C5-17FC66480F73}.Debug|x64.ActiveCfg = Debug|x64
		{C8282A70-D5AF-4CC6-A1C5-17FC66480F73}.Release|x64.ActiveCfg = Release|x64
		{C8282A70-D5AF-4CC6-A1C5-17FC66480F73}.MinSizeRel|x64.ActiveCfg = MinSizeRel|x64
		{C8282A70-D5AF-4CC6-A1C5-17FC66480F73}.RelWithDebInfo|x64.ActiveCfg = RelWithDebInfo|x64
		{B3DDCFCF-DDBD-42E9-8EC5-76B81C048A3E}.Debug|x64.ActiveCfg = Debug|x64
		{B3DDCFCF-DDBD-42E9-8EC5-76B81C048A3E}.Debug|x64.Build.0 = Debug|x64
		{B3DDCFCF-DDBD-42E9-8EC5-76B81C048A3E}.Release|x64.ActiveCfg = Release|x64
		{B3DDCFCF-DDBD-42E9-8EC5-76B81C048A3E}.Release|x64.Build.0 = Release|x64
		{B3DDCFCF-DDBD-42E9-8EC5-76B81C048A3E}.MinSizeRel|x64.ActiveCfg = MinSizeRel|x64
		{B3DDCFCF-DDBD-42E9-8EC5-76B81C048A3E}.MinSizeRel|x64.Build.0 = MinSizeRel|x64
		{B3DDCFCF-DDBD-42E9-8EC5-76B81C048A3E}.RelWithDebInfo|x64.ActiveCfg = RelWithDebInfo|x64
		{B3DDCFCF-DDBD-42E9-8EC5-76B81C048A3E}.RelWithDebInfo|x64.Build.0 = RelWithDebInfo|x64
		{52E1B750-6924-461E-9549-E9E0CF630CE8}.Debug|x64.ActiveCfg = Debug|x64
		{52E1B750-6924-461E-9549-E9E0CF630CE8}.Debug|x64.Build.0 = Debug|x64
		{52E1B750-6924-461E-9549-E9E0CF630CE8}.Release|x64.ActiveCfg = Release|x64
		{52E1B750-6924-461E-9549-E9E0CF630CE8}.Release|x64.Build.0 = Release|x64
		{52E1B750-6924-461E-9549-E9E0CF630CE8}.MinSizeRel|x64.ActiveCfg = MinSizeRel|x64
		{52E1B750-6924-461E-9549-E9E0CF630CE8}.MinSizeRel|x64.Build.0 = MinSizeRel|x64
		{52E1B750-6924-461E-9549-E9E0CF630CE8}.RelWithDebInfo|x64.ActiveCfg = RelWithDebInfo|x64
		{52E1B750-6924-461E-9549-E9E0CF630CE8}.RelWithDebInfo|x64.Build.0 = RelWithDebInfo|x64
	EndGlobalSection
	GlobalSection(ExtensibilityGlobals) = postSolution
	EndGlobalSection
	GlobalSection(ExtensibilityAddIns) = postSolution
	EndGlobalSection
EndGlobal
